
Microsoft Visual Studio Solution File, Format Version 12.00
# Visual Studio Version 16
VisualStudioVersion = 16.0.29709.97
MinimumVisualStudioVersion = 10.0.40219.1
Project("{FAE04EC0-301F-11D3-BF4B-00C04F79EFBC}") = "praktika4", "praktika4\praktika4.csproj", "{2363F0C1-9252-44A1-8B92-42C1AF583421}"
EndProject
Global
	GlobalSection(SolutionConfigurationPlatforms) = preSolution
		Debug|Any CPU = Debug|Any CPU
		Release|Any CPU = Release|Any CPU
	EndGlobalSection
	GlobalSection(ProjectConfigurationPlatforms) = postSolution
		{2363F0C1-9252-44A1-8B92-42C1AF583421}.Debug|Any CPU.ActiveCfg = Debug|Any CPU
		{2363F0C1-9252-44A1-8B92-42C1AF583421}.Debug|Any CPU.Build.0 = Debug|Any CPU
		{2363F0C1-9252-44A1-8B92-42C1AF583421}.Release|Any CPU.ActiveCfg = Release|Any CPU
		{2363F0C1-9252-44A1-8B92-42C1AF583421}.Release|Any CPU.Build.0 = Release|Any CPU
	EndGlobalSection
	GlobalSection(SolutionProperties) = preSolution
		HideSolutionNode = FALSE
	EndGlobalSection
	GlobalSection(ExtensibilityGlobals) = postSolution
		SolutionGuid = {536941F0-89C6-4E64-8110-277C6577E0BA}
	EndGlobalSection
EndGlobal
